
Microsoft Visual Studio Solution File, Format Version 12.00
# Visual Studio Version 17
VisualStudioVersion = 17.0.31903.59
MinimumVisualStudioVersion = 10.0.40219.1
Project("{2150E333-8FDC-42A3-9474-1A3956D46DE8}") = "src", "src", "{827E0CD3-B72D-47B6-A68D-7590B98EB39B}"
EndProject
Project("{FAE04EC0-301F-11D3-BF4B-00C04F79EFBC}") = "Aurora.API", "src\Aurora.API\Aurora.API.csproj", "{2269B742-6BFE-43E9-B0B3-B01529BDC1F2}"
EndProject
Project("{FAE04EC0-301F-11D3-BF4B-00C04F79EFBC}") = "Aurora.Application", "src\Aurora.Application\Aurora.Application.csproj", "{46E5FD86-EF74-4917-B7B2-06B593FF65F6}"
EndProject
Project("{FAE04EC0-301F-11D3-BF4B-00C04F79EFBC}") = "Aurora.Domain", "src\Aurora.Domain\Aurora.Domain.csproj", "{2188111B-E8C3-4961-A908-7C030D0600E2}"
EndProject
Project("{FAE04EC0-301F-11D3-BF4B-00C04F79EFBC}") = "Aurora.Infrastructure", "src\Aurora.Infrastructure\Aurora.Infrastructure.csproj", "{56FE9719-6561-4142-9566-86674A6AB9DA}"
EndProject
Global
	GlobalSection(SolutionConfigurationPlatforms) = preSolution
		Debug|Any CPU = Debug|Any CPU
		Debug|x64 = Debug|x64
		Debug|x86 = Debug|x86
		Release|Any CPU = Release|Any CPU
		Release|x64 = Release|x64
		Release|x86 = Release|x86
	EndGlobalSection
	GlobalSection(ProjectConfigurationPlatforms) = postSolution
		{2269B742-6BFE-43E9-B0B3-B01529BDC1F2}.Debug|Any CPU.ActiveCfg = Debug|Any CPU
		{2269B742-6BFE-43E9-B0B3-B01529BDC1F2}.Debug|Any CPU.Build.0 = Debug|Any CPU
		{2269B742-6BFE-43E9-B0B3-B01529BDC1F2}.Debug|x64.ActiveCfg = Debug|Any CPU
		{2269B742-6BFE-43E9-B0B3-B01529BDC1F2}.Debug|x64.Build.0 = Debug|Any CPU
		{2269B742-6BFE-43E9-B0B3-B01529BDC1F2}.Debug|x86.ActiveCfg = Debug|Any CPU
		{2269B742-6BFE-43E9-B0B3-B01529BDC1F2}.Debug|x86.Build.0 = Debug|Any CPU
		{2269B742-6BFE-43E9-B0B3-B01529BDC1F2}.Release|Any CPU.ActiveCfg = Release|Any CPU
		{2269B742-6BFE-43E9-B0B3-B01529BDC1F2}.Release|Any CPU.Build.0 = Release|Any CPU
		{2269B742-6BFE-43E9-B0B3-B01529BDC1F2}.Release|x64.ActiveCfg = Release|Any CPU
		{2269B742-6BFE-43E9-B0B3-B01529BDC1F2}.Release|x64.Build.0 = Release|Any CPU
		{2269B742-6BFE-43E9-B0B3-B01529BDC1F2}.Release|x86.ActiveCfg = Release|Any CPU
		{2269B742-6BFE-43E9-B0B3-B01529BDC1F2}.Release|x86.Build.0 = Release|Any CPU
		{46E5FD86-EF74-4917-B7B2-06B593FF65F6}.Debug|Any CPU.ActiveCfg = Debug|Any CPU
		{46E5FD86-EF74-4917-B7B2-06B593FF65F6}.Debug|Any CPU.Build.0 = Debug|Any CPU
		{46E5FD86-EF74-4917-B7B2-06B593FF65F6}.Debug|x64.ActiveCfg = Debug|Any CPU
		{46E5FD86-EF74-4917-B7B2-06B593FF65F6}.Debug|x64.Build.0 = Debug|Any CPU
		{46E5FD86-EF74-4917-B7B2-06B593FF65F6}.Debug|x86.ActiveCfg = Debug|Any CPU
		{46E5FD86-EF74-4917-B7B2-06B593FF65F6}.Debug|x86.Build.0 = Debug|Any CPU
		{46E5FD86-EF74-4917-B7B2-06B593FF65F6}.Release|Any CPU.ActiveCfg = Release|Any CPU
		{46E5FD86-EF74-4917-B7B2-06B593FF65F6}.Release|Any CPU.Build.0 = Release|Any CPU
		{46E5FD86-EF74-4917-B7B2-06B593FF65F6}.Release|x64.ActiveCfg = Release|Any CPU
		{46E5FD86-EF74-4917-B7B2-06B593FF65F6}.Release|x64.Build.0 = Release|Any CPU
		{46E5FD86-EF74-4917-B7B2-06B593FF65F6}.Release|x86.ActiveCfg = Release|Any CPU
		{46E5FD86-EF74-4917-B7B2-06B593FF65F6}.Release|x86.Build.0 = Release|Any CPU
		{2188111B-E8C3-4961-A908-7C030D0600E2}.Debug|Any CPU.ActiveCfg = Debug|Any CPU
		{2188111B-E8C3-4961-A908-7C030D0600E2}.Debug|Any CPU.Build.0 = Debug|Any CPU
		{2188111B-E8C3-4961-A908-7C030D0600E2}.Debug|x64.ActiveCfg = Debug|Any CPU
		{2188111B-E8C3-4961-A908-7C030D0600E2}.Debug|x64.Build.0 = Debug|Any CPU
		{2188111B-E8C3-4961-A908-7C030D0600E2}.Debug|x86.ActiveCfg = Debug|Any CPU
		{2188111B-E8C3-4961-A908-7C030D0600E2}.Debug|x86.Build.0 = Debug|Any CPU
		{2188111B-E8C3-4961-A908-7C030D0600E2}.Release|Any CPU.ActiveCfg = Release|Any CPU
		{2188111B-E8C3-4961-A908-7C030D0600E2}.Release|Any CPU.Build.0 = Release|Any CPU
		{2188111B-E8C3-4961-A908-7C030D0600E2}.Release|x64.ActiveCfg = Release|Any CPU
		{2188111B-E8C3-4961-A908-7C030D0600E2}.Release|x64.Build.0 = Release|Any CPU
		{2188111B-E8C3-4961-A908-7C030D0600E2}.Release|x86.ActiveCfg = Release|Any CPU
		{2188111B-E8C3-4961-A908-7C030D0600E2}.Release|x86.Build.0 = Release|Any CPU
		{56FE9719-6561-4142-9566-86674A6AB9DA}.Debug|Any CPU.ActiveCfg = Debug|Any CPU
		{56FE9719-6561-4142-9566-86674A6AB9DA}.Debug|Any CPU.Build.0 = Debug|Any CPU
		{56FE9719-6561-4142-9566-86674A6AB9DA}.Debug|x64.ActiveCfg = Debug|Any CPU
		{56FE9719-6561-4142-9566-86674A6AB9DA}.Debug|x64.Build.0 = Debug|Any CPU
		{56FE9719-6561-4142-9566-86674A6AB9DA}.Debug|x86.ActiveCfg = Debug|Any CPU
		{56FE9719-6561-4142-9566-86674A6AB9DA}.Debug|x86.Build.0 = Debug|Any CPU
		{56FE9719-6561-4142-9566-86674A6AB9DA}.Release|Any CPU.ActiveCfg = Release|Any CPU
		{56FE9719-6561-4142-9566-86674A6AB9DA}.Release|Any CPU.Build.0 = Release|Any CPU
		{56FE9719-6561-4142-9566-86674A6AB9DA}.Release|x64.ActiveCfg = Release|Any CPU
		{56FE9719-6561-4142-9566-86674A6AB9DA}.Release|x64.Build.0 = Release|Any CPU
		{56FE9719-6561-4142-9566-86674A6AB9DA}.Release|x86.ActiveCfg = Release|Any CPU
		{56FE9719-6561-4142-9566-86674A6AB9DA}.Release|x86.Build.0 = Release|Any CPU
	EndGlobalSection
	GlobalSection(SolutionProperties) = preSolution
		HideSolutionNode = FALSE
	EndGlobalSection
	GlobalSection(NestedProjects) = preSolution
		{2269B742-6BFE-43E9-B0B3-B01529BDC1F2} = {827E0CD3-B72D-47B6-A68D-7590B98EB39B}
		{46E5FD86-EF74-4917-B7B2-06B593FF65F6} = {827E0CD3-B72D-47B6-A68D-7590B98EB39B}
		{2188111B-E8C3-4961-A908-7C030D0600E2} = {827E0CD3-B72D-47B6-A68D-7590B98EB39B}
		{56FE9719-6561-4142-9566-86674A6AB9DA} = {827E0CD3-B72D-47B6-A68D-7590B98EB39B}
	EndGlobalSection
EndGlobal
